
Microsoft Visual Studio Solution File, Format Version 12.00
# Visual Studio Version 16
VisualStudioVersion = 16.0.30011.22
MinimumVisualStudioVersion = 10.0.40219.1
Project("{FAE04EC0-301F-11D3-BF4B-00C04F79EFBC}") = "AngularPropertyManager", "AngularPropertyManager\AngularPropertyManager.csproj", "{CAEFA7A3-B68E-4109-BBF1-A87285B5A8F6}"
EndProject
Global
	GlobalSection(SolutionConfigurationPlatforms) = preSolution
		Debug|Any CPU = Debug|Any CPU
		Release|Any CPU = Release|Any CPU
	EndGlobalSection
	GlobalSection(ProjectConfigurationPlatforms) = postSolution
		{CAEFA7A3-B68E-4109-BBF1-A87285B5A8F6}.Debug|Any CPU.ActiveCfg = Debug|Any CPU
		{CAEFA7A3-B68E-4109-BBF1-A87285B5A8F6}.Debug|Any CPU.Build.0 = Debug|Any CPU
		{CAEFA7A3-B68E-4109-BBF1-A87285B5A8F6}.Release|Any CPU.ActiveCfg = Release|Any CPU
		{CAEFA7A3-B68E-4109-BBF1-A87285B5A8F6}.Release|Any CPU.Build.0 = Release|Any CPU
	EndGlobalSection
	GlobalSection(SolutionProperties) = preSolution
		HideSolutionNode = FALSE
	EndGlobalSection
	GlobalSection(ExtensibilityGlobals) = postSolution
		SolutionGuid = {A3B8447D-96EE-4A46-A8DD-BD0899DC284B}
	EndGlobalSection
EndGlobal
